// !$*UTF8*$!
{
	archiveVersion = 1;
	classes = {
	};
	objectVersion = 46;
	objects = {

/* Begin PBXBuildFile section */
		FC2044DF1B2C75E50038BC47 /* AppDelegate.m in Sources */ = {isa = PBXBuildFile; fileRef = FC2044DE1B2C75E50038BC47 /* AppDelegate.m */; };
		FC2044E11B2C75E50038BC47 /* main.m in Sources */ = {isa = PBXBuildFile; fileRef = FC2044E01B2C75E50038BC47 /* main.m */; };
		FC2044E41B2C75E50038BC47 /* ViewController.m in Sources */ = {isa = PBXBuildFile; fileRef = FC2044E31B2C75E50038BC47 /* ViewController.m */; };
		FC2044E61B2C75E50038BC47 /* Images.xcassets in Resources */ = {isa = PBXBuildFile; fileRef = FC2044E51B2C75E50038BC47 /* Images.xcassets */; };
		FC2044E91B2C75E50038BC47 /* Main.storyboard in Resources */ = {isa = PBXBuildFile; fileRef = FC2044E71B2C75E50038BC47 /* Main.storyboard */; };
		FC2044F51B2C75E50038BC47 /* smashingAppTests.m in Sources */ = {isa = PBXBuildFile; fileRef = FC2044F41B2C75E50038BC47 /* smashingAppTests.m */; };
		FC2045001B2C781F0038BC47 /* WebKit.framework in Frameworks */ = {isa = PBXBuildFile; fileRef = FC2044FF1B2C781F0038BC47 /* WebKit.framework */; };
		FC2045781B2CCE880038BC47 /* com.devmate.UpdateInstaller.xpc in Resources */ = {isa = PBXBuildFile; fileRef = FC2045761B2CCE880038BC47 /* com.devmate.UpdateInstaller.xpc */; };
		FC2045791B2CCE880038BC47 /* DevMateKit.framework in Frameworks */ = {isa = PBXBuildFile; fileRef = FC2045771B2CCE880038BC47 /* DevMateKit.framework */; };
		FC20457A1B2CCE970038BC47 /* DevMateKit.framework in CopyFiles */ = {isa = PBXBuildFile; fileRef = FC2045771B2CCE880038BC47 /* DevMateKit.framework */; settings = {ATTRIBUTES = (CodeSignOnCopy, RemoveHeadersOnCopy, ); }; };
		FC20457C1B2DF42D0038BC47 /* com.devmate.UpdateInstaller.xpc in CopyFiles */ = {isa = PBXBuildFile; fileRef = FC2045761B2CCE880038BC47 /* com.devmate.UpdateInstaller.xpc */; settings = {ATTRIBUTES = (RemoveHeadersOnCopy, ); }; };
/* End PBXBuildFile section */

/* Begin PBXContainerItemProxy section */
		FC2044EF1B2C75E50038BC47 /* PBXContainerItemProxy */ = {
			isa = PBXContainerItemProxy;
			containerPortal = FC2044D01B2C75E50038BC47 /* Project object */;
			proxyType = 1;
			remoteGlobalIDString = FC2044D71B2C75E50038BC47;
			remoteInfo = smashingApp;
		};
/* End PBXContainerItemProxy section */

/* Begin PBXCopyFilesBuildPhase section */
		FC2044FE1B2C77B50038BC47 /* CopyFiles */ = {
			isa = PBXCopyFilesBuildPhase;
			buildActionMask = 2147483647;
			dstPath = "";
			dstSubfolderSpec = 10;
			files = (
				FC20457A1B2CCE970038BC47 /* DevMateKit.framework in CopyFiles */,
			);
			runOnlyForDeploymentPostprocessing = 0;
		};
		FC20457B1B2DF4150038BC47 /* CopyFiles */ = {
			isa = PBXCopyFilesBuildPhase;
			buildActionMask = 2147483647;
			dstPath = "$(CONTENTS_FOLDER_PATH)/XPCServices";
			dstSubfolderSpec = 16;
			files = (
				FC20457C1B2DF42D0038BC47 /* com.devmate.UpdateInstaller.xpc in CopyFiles */,
			);
			runOnlyForDeploymentPostprocessing = 0;
		};
/* End PBXCopyFilesBuildPhase section */

/* Begin PBXFileReference section */
		FC2044D81B2C75E50038BC47 /* smashingApp.app */ = {isa = PBXFileReference; explicitFileType = wrapper.application; includeInIndex = 0; path = smashingApp.app; sourceTree = BUILT_PRODUCTS_DIR; };
		FC2044DC1B2C75E50038BC47 /* Info.plist */ = {isa = PBXFileReference; lastKnownFileType = text.plist.xml; path = Info.plist; sourceTree = "<group>"; };
		FC2044DD1B2C75E50038BC47 /* AppDelegate.h */ = {isa = PBXFileReference; lastKnownFileType = sourcecode.c.h; path = AppDelegate.h; sourceTree = "<group>"; };
		FC2044DE1B2C75E50038BC47 /* AppDelegate.m */ = {isa = PBXFileReference; lastKnownFileType = sourcecode.c.objc; path = AppDelegate.m; sourceTree = "<group>"; };
		FC2044E01B2C75E50038BC47 /* main.m */ = {isa = PBXFileReference; lastKnownFileType = sourcecode.c.objc; path = main.m; sourceTree = "<group>"; };
		FC2044E21B2C75E50038BC47 /* ViewController.h */ = {isa = PBXFileReference; lastKnownFileType = sourcecode.c.h; path = ViewController.h; sourceTree = "<group>"; };
		FC2044E31B2C75E50038BC47 /* ViewController.m */ = {isa = PBXFileReference; lastKnownFileType = sourcecode.c.objc; path = ViewController.m; sourceTree = "<group>"; };
		FC2044E51B2C75E50038BC47 /* Images.xcassets */ = {isa = PBXFileReference; lastKnownFileType = folder.assetcatalog; path = Images.xcassets; sourceTree = "<group>"; };
		FC2044E81B2C75E50038BC47 /* Base */ = {isa = PBXFileReference; lastKnownFileType = file.storyboard; name = Base; path = Base.lproj/Main.storyboard; sourceTree = "<group>"; };
		FC2044EE1B2C75E50038BC47 /* smashingAppTests.xctest */ = {isa = PBXFileReference; explicitFileType = wrapper.cfbundle; includeInIndex = 0; path = smashingAppTests.xctest; sourceTree = BUILT_PRODUCTS_DIR; };
		FC2044F31B2C75E50038BC47 /* Info.plist */ = {isa = PBXFileReference; lastKnownFileType = text.plist.xml; path = Info.plist; sourceTree = "<group>"; };
		FC2044F41B2C75E50038BC47 /* smashingAppTests.m */ = {isa = PBXFileReference; lastKnownFileType = sourcecode.c.objc; path = smashingAppTests.m; sourceTree = "<group>"; };
		FC2044FF1B2C781F0038BC47 /* WebKit.framework */ = {isa = PBXFileReference; lastKnownFileType = wrapper.framework; name = WebKit.framework; path = System/Library/Frameworks/WebKit.framework; sourceTree = SDKROOT; };
		FC2045681B2C786C0038BC47 /* .gitignore */ = {isa = PBXFileReference; fileEncoding = 4; lastKnownFileType = text; path = .gitignore; sourceTree = "<group>"; };
		FC2045691B2C786C0038BC47 /* CHANGELOG.md */ = {isa = PBXFileReference; fileEncoding = 4; lastKnownFileType = net.daringfireball.markdown; path = CHANGELOG.md; sourceTree = "<group>"; };
		FC20456A1B2C786C0038BC47 /* LICENSE */ = {isa = PBXFileReference; fileEncoding = 4; lastKnownFileType = text; path = LICENSE; sourceTree = "<group>"; };
		FC20456B1B2C786C0038BC47 /* Paddle.framework */ = {isa = PBXFileReference; lastKnownFileType = wrapper.framework; path = Paddle.framework; sourceTree = "<group>"; };
		FC20456C1B2C786C0038BC47 /* Paddle.podspec */ = {isa = PBXFileReference; fileEncoding = 4; lastKnownFileType = text; path = Paddle.podspec; sourceTree = "<group>"; };
		FC20456D1B2C786C0038BC47 /* README.md */ = {isa = PBXFileReference; fileEncoding = 4; lastKnownFileType = net.daringfireball.markdown; path = README.md; sourceTree = "<group>"; };
		FC2045761B2CCE880038BC47 /* com.devmate.UpdateInstaller.xpc */ = {isa = PBXFileReference; lastKnownFileType = "wrapper.xpc-service"; path = com.devmate.UpdateInstaller.xpc; sourceTree = "<group>"; };
		FC2045771B2CCE880038BC47 /* DevMateKit.framework */ = {isa = PBXFileReference; lastKnownFileType = wrapper.framework; path = DevMateKit.framework; sourceTree = "<group>"; };
/* End PBXFileReference section */

/* Begin PBXFrameworksBuildPhase section */
		FC2044D51B2C75E50038BC47 /* Frameworks */ = {
			isa = PBXFrameworksBuildPhase;
			buildActionMask = 2147483647;
			files = (
				FC2045791B2CCE880038BC47 /* DevMateKit.framework in Frameworks */,
				FC2045001B2C781F0038BC47 /* WebKit.framework in Frameworks */,
			);
			runOnlyForDeploymentPostprocessing = 0;
		};
		FC2044EB1B2C75E50038BC47 /* Frameworks */ = {
			isa = PBXFrameworksBuildPhase;
			buildActionMask = 2147483647;
			files = (
			);
			runOnlyForDeploymentPostprocessing = 0;
		};
/* End PBXFrameworksBuildPhase section */

/* Begin PBXGroup section */
		FC2044CF1B2C75E50038BC47 = {
			isa = PBXGroup;
			children = (
				FC2045751B2CCE880038BC47 /* DevMateKit */,
				FC2045671B2C786C0038BC47 /* Mac-Framework-master */,
				FC2044FF1B2C781F0038BC47 /* WebKit.framework */,
				FC2044DA1B2C75E50038BC47 /* smashingApp */,
				FC2044F11B2C75E50038BC47 /* smashingAppTests */,
				FC2044D91B2C75E50038BC47 /* Products */,
			);
			sourceTree = "<group>";
		};
		FC2044D91B2C75E50038BC47 /* Products */ = {
			isa = PBXGroup;
			children = (
				FC2044D81B2C75E50038BC47 /* smashingApp.app */,
				FC2044EE1B2C75E50038BC47 /* smashingAppTests.xctest */,
			);
			name = Products;
			sourceTree = "<group>";
		};
		FC2044DA1B2C75E50038BC47 /* smashingApp */ = {
			isa = PBXGroup;
			children = (
				FC2044DD1B2C75E50038BC47 /* AppDelegate.h */,
				FC2044DE1B2C75E50038BC47 /* AppDelegate.m */,
				FC2044E21B2C75E50038BC47 /* ViewController.h */,
				FC2044E31B2C75E50038BC47 /* ViewController.m */,
				FC2044E51B2C75E50038BC47 /* Images.xcassets */,
				FC2044E71B2C75E50038BC47 /* Main.storyboard */,
				FC2044DB1B2C75E50038BC47 /* Supporting Files */,
			);
			path = smashingApp;
			sourceTree = "<group>";
		};
		FC2044DB1B2C75E50038BC47 /* Supporting Files */ = {
			isa = PBXGroup;
			children = (
				FC2044DC1B2C75E50038BC47 /* Info.plist */,
				FC2044E01B2C75E50038BC47 /* main.m */,
			);
			name = "Supporting Files";
			sourceTree = "<group>";
		};
		FC2044F11B2C75E50038BC47 /* smashingAppTests */ = {
			isa = PBXGroup;
			children = (
				FC2044F41B2C75E50038BC47 /* smashingAppTests.m */,
				FC2044F21B2C75E50038BC47 /* Supporting Files */,
			);
			path = smashingAppTests;
			sourceTree = "<group>";
		};
		FC2044F21B2C75E50038BC47 /* Supporting Files */ = {
			isa = PBXGroup;
			children = (
				FC2044F31B2C75E50038BC47 /* Info.plist */,
			);
			name = "Supporting Files";
			sourceTree = "<group>";
		};
		FC2045671B2C786C0038BC47 /* Mac-Framework-master */ = {
			isa = PBXGroup;
			children = (
				FC2045681B2C786C0038BC47 /* .gitignore */,
				FC2045691B2C786C0038BC47 /* CHANGELOG.md */,
				FC20456A1B2C786C0038BC47 /* LICENSE */,
				FC20456B1B2C786C0038BC47 /* Paddle.framework */,
				FC20456C1B2C786C0038BC47 /* Paddle.podspec */,
				FC20456D1B2C786C0038BC47 /* README.md */,
			);
			name = "Mac-Framework-master";
			path = "../../Mac-Framework-master";
			sourceTree = "<group>";
		};
		FC2045751B2CCE880038BC47 /* DevMateKit */ = {
			isa = PBXGroup;
			children = (
				FC2045761B2CCE880038BC47 /* com.devmate.UpdateInstaller.xpc */,
				FC2045771B2CCE880038BC47 /* DevMateKit.framework */,
			);
			path = DevMateKit;
			sourceTree = "<group>";
		};
/* End PBXGroup section */

/* Begin PBXNativeTarget section */
		FC2044D71B2C75E50038BC47 /* smashingApp */ = {
			isa = PBXNativeTarget;
			buildConfigurationList = FC2044F81B2C75E50038BC47 /* Build configuration list for PBXNativeTarget "smashingApp" */;
			buildPhases = (
				FC2044D41B2C75E50038BC47 /* Sources */,
				FC2044D51B2C75E50038BC47 /* Frameworks */,
				FC2044D61B2C75E50038BC47 /* Resources */,
				FC2044FE1B2C77B50038BC47 /* CopyFiles */,
				FC20457B1B2DF4150038BC47 /* CopyFiles */,
			);
			buildRules = (
			);
			dependencies = (
			);
			name = smashingApp;
			productName = smashingApp;
			productReference = FC2044D81B2C75E50038BC47 /* smashingApp.app */;
			productType = "com.apple.product-type.application";
		};
		FC2044ED1B2C75E50038BC47 /* smashingAppTests */ = {
			isa = PBXNativeTarget;
			buildConfigurationList = FC2044FB1B2C75E50038BC47 /* Build configuration list for PBXNativeTarget "smashingAppTests" */;
			buildPhases = (
				FC2044EA1B2C75E50038BC47 /* Sources */,
				FC2044EB1B2C75E50038BC47 /* Frameworks */,
				FC2044EC1B2C75E50038BC47 /* Resources */,
			);
			buildRules = (
			);
			dependencies = (
				FC2044F01B2C75E50038BC47 /* PBXTargetDependency */,
			);
			name = smashingAppTests;
			productName = smashingAppTests;
			productReference = FC2044EE1B2C75E50038BC47 /* smashingAppTests.xctest */;
			productType = "com.apple.product-type.bundle.unit-test";
		};
/* End PBXNativeTarget section */

/* Begin PBXProject section */
		FC2044D01B2C75E50038BC47 /* Project object */ = {
			isa = PBXProject;
			attributes = {
				LastUpgradeCheck = 0630;
				ORGANIZATIONNAME = "mike gibbelson";
				TargetAttributes = {
					FC2044D71B2C75E50038BC47 = {
						CreatedOnToolsVersion = 6.3.2;
					};
					FC2044ED1B2C75E50038BC47 = {
						CreatedOnToolsVersion = 6.3.2;
						TestTargetID = FC2044D71B2C75E50038BC47;
					};
				};
			};
			buildConfigurationList = FC2044D31B2C75E50038BC47 /* Build configuration list for PBXProject "smashingApp" */;
			compatibilityVersion = "Xcode 3.2";
			developmentRegion = English;
			hasScannedForEncodings = 0;
			knownRegions = (
				en,
				Base,
			);
			mainGroup = FC2044CF1B2C75E50038BC47;
			productRefGroup = FC2044D91B2C75E50038BC47 /* Products */;
			projectDirPath = "";
			projectRoot = "";
			targets = (
				FC2044D71B2C75E50038BC47 /* smashingApp */,
				FC2044ED1B2C75E50038BC47 /* smashingAppTests */,
			);
		};
/* End PBXProject section */

/* Begin PBXResourcesBuildPhase section */
		FC2044D61B2C75E50038BC47 /* Resources */ = {
			isa = PBXResourcesBuildPhase;
			buildActionMask = 2147483647;
			files = (
				FC2044E61B2C75E50038BC47 /* Images.xcassets in Resources */,
				FC2045781B2CCE880038BC47 /* com.devmate.UpdateInstaller.xpc in Resources */,
				FC2044E91B2C75E50038BC47 /* Main.storyboard in Resources */,
			);
			runOnlyForDeploymentPostprocessing = 0;
		};
		FC2044EC1B2C75E50038BC47 /* Resources */ = {
			isa = PBXResourcesBuildPhase;
			buildActionMask = 2147483647;
			files = (
			);
			runOnlyForDeploymentPostprocessing = 0;
		};
/* End PBXResourcesBuildPhase section */

/* Begin PBXSourcesBuildPhase section */
		FC2044D41B2C75E50038BC47 /* Sources */ = {
			isa = PBXSourcesBuildPhase;
			buildActionMask = 2147483647;
			files = (
				FC2044E41B2C75E50038BC47 /* ViewController.m in Sources */,
				FC2044E11B2C75E50038BC47 /* main.m in Sources */,
				FC2044DF1B2C75E50038BC47 /* AppDelegate.m in Sources */,
			);
			runOnlyForDeploymentPostprocessing = 0;
		};
		FC2044EA1B2C75E50038BC47 /* Sources */ = {
			isa = PBXSourcesBuildPhase;
			buildActionMask = 2147483647;
			files = (
				FC2044F51B2C75E50038BC47 /* smashingAppTests.m in Sources */,
			);
			runOnlyForDeploymentPostprocessing = 0;
		};
/* End PBXSourcesBuildPhase section */

/* Begin PBXTargetDependency section */
		FC2044F01B2C75E50038BC47 /* PBXTargetDependency */ = {
			isa = PBXTargetDependency;
			target = FC2044D71B2C75E50038BC47 /* smashingApp */;
			targetProxy = FC2044EF1B2C75E50038BC47 /* PBXContainerItemProxy */;
		};
/* End PBXTargetDependency section */

/* Begin PBXVariantGroup section */
		FC2044E71B2C75E50038BC47 /* Main.storyboard */ = {
			isa = PBXVariantGroup;
			children = (
				FC2044E81B2C75E50038BC47 /* Base */,
			);
			name = Main.storyboard;
			sourceTree = "<group>";
		};
/* End PBXVariantGroup section */

/* Begin XCBuildConfiguration section */
		FC2044F61B2C75E50038BC47 /* Debug */ = {
			isa = XCBuildConfiguration;
			buildSettings = {
				ALWAYS_SEARCH_USER_PATHS = NO;
				CLANG_CXX_LANGUAGE_STANDARD = "gnu++0x";
				CLANG_CXX_LIBRARY = "libc++";
				CLANG_ENABLE_MODULES = YES;
				CLANG_ENABLE_OBJC_ARC = YES;
				CLANG_WARN_BOOL_CONVERSION = YES;
				CLANG_WARN_CONSTANT_CONVERSION = YES;
				CLANG_WARN_DIRECT_OBJC_ISA_USAGE = YES_ERROR;
				CLANG_WARN_EMPTY_BODY = YES;
				CLANG_WARN_ENUM_CONVERSION = YES;
				CLANG_WARN_INT_CONVERSION = YES;
				CLANG_WARN_OBJC_ROOT_CLASS = YES_ERROR;
				CLANG_WARN_UNREACHABLE_CODE = YES;
				CLANG_WARN__DUPLICATE_METHOD_MATCH = YES;
				CODE_SIGN_IDENTITY = "-";
				COPY_PHASE_STRIP = NO;
				DEBUG_INFORMATION_FORMAT = dwarf;
				ENABLE_STRICT_OBJC_MSGSEND = YES;
				GCC_C_LANGUAGE_STANDARD = gnu99;
				GCC_DYNAMIC_NO_PIC = NO;
				GCC_NO_COMMON_BLOCKS = YES;
				GCC_OPTIMIZATION_LEVEL = 0;
				GCC_PREPROCESSOR_DEFINITIONS = (
					"DEBUG=1",
					"$(inherited)",
				);
				GCC_SYMBOLS_PRIVATE_EXTERN = NO;
				GCC_WARN_64_TO_32_BIT_CONVERSION = YES;
				GCC_WARN_ABOUT_RETURN_TYPE = YES_ERROR;
				GCC_WARN_UNDECLARED_SELECTOR = YES;
				GCC_WARN_UNINITIALIZED_AUTOS = YES_AGGRESSIVE;
				GCC_WARN_UNUSED_FUNCTION = YES;
				GCC_WARN_UNUSED_VARIABLE = YES;
				MACOSX_DEPLOYMENT_TARGET = 10.10;
				MTL_ENABLE_DEBUG_INFO = YES;
				ONLY_ACTIVE_ARCH = YES;
				SDKROOT = macosx;
			};
			name = Debug;
		};
		FC2044F71B2C75E50038BC47 /* Release */ = {
			isa = XCBuildConfiguration;
			buildSettings = {
				ALWAYS_SEARCH_USER_PATHS = NO;
				CLANG_CXX_LANGUAGE_STANDARD = "gnu++0x";
				CLANG_CXX_LIBRARY = "libc++";
				CLANG_ENABLE_MODULES = YES;
				CLANG_ENABLE_OBJC_ARC = YES;
				CLANG_WARN_BOOL_CONVERSION = YES;
				CLANG_WARN_CONSTANT_CONVERSION = YES;
				CLANG_WARN_DIRECT_OBJC_ISA_USAGE = YES_ERROR;
				CLANG_WARN_EMPTY_BODY = YES;
				CLANG_WARN_ENUM_CONVERSION = YES;
				CLANG_WARN_INT_CONVERSION = YES;
				CLANG_WARN_OBJC_ROOT_CLASS = YES_ERROR;
				CLANG_WARN_UNREACHABLE_CODE = YES;
				CLANG_WARN__DUPLICATE_METHOD_MATCH = YES;
				CODE_SIGN_IDENTITY = "-";
				COPY_PHASE_STRIP = NO;
				DEBUG_INFORMATION_FORMAT = "dwarf-with-dsym";
				ENABLE_NS_ASSERTIONS = NO;
				ENABLE_STRICT_OBJC_MSGSEND = YES;
				GCC_C_LANGUAGE_STANDARD = gnu99;
				GCC_NO_COMMON_BLOCKS = YES;
				GCC_WARN_64_TO_32_BIT_CONVERSION = YES;
				GCC_WARN_ABOUT_RETURN_TYPE = YES_ERROR;
				GCC_WARN_UNDECLARED_SELECTOR = YES;
				GCC_WARN_UNINITIALIZED_AUTOS = YES_AGGRESSIVE;
				GCC_WARN_UNUSED_FUNCTION = YES;
				GCC_WARN_UNUSED_VARIABLE = YES;
				MACOSX_DEPLOYMENT_TARGET = 10.10;
				MTL_ENABLE_DEBUG_INFO = NO;
				SDKROOT = macosx;
			};
			name = Release;
		};
		FC2044F91B2C75E50038BC47 /* Debug */ = {
			isa = XCBuildConfiguration;
			buildSettings = {
				ASSETCATALOG_COMPILER_APPICON_NAME = AppIcon;
				COMBINE_HIDPI_IMAGES = YES;
				FRAMEWORK_SEARCH_PATHS = (
					"$(inherited)",
					"$(PROJECT_DIR)/DevMateKit",
					"$(PROJECT_DIR)/DevMateKit/DevMateKit.framework/Frameworks",
				);
				INFOPLIST_FILE = smashingApp/Info.plist;
				LD_RUNPATH_SEARCH_PATHS = "$(inherited) @executable_path/../Frameworks";
				LIBRARY_SEARCH_PATHS = "$(inherited)";
				PRODUCT_NAME = "$(TARGET_NAME)";
			};
			name = Debug;
		};
		FC2044FA1B2C75E50038BC47 /* Release */ = {
			isa = XCBuildConfiguration;
			buildSettings = {
				ASSETCATALOG_COMPILER_APPICON_NAME = AppIcon;
				COMBINE_HIDPI_IMAGES = YES;
				FRAMEWORK_SEARCH_PATHS = (
					"$(inherited)",
					"$(PROJECT_DIR)/DevMateKit",
					"$(PROJECT_DIR)/DevMateKit/DevMateKit.framework/Frameworks",
				);
				INFOPLIST_FILE = smashingApp/Info.plist;
				LD_RUNPATH_SEARCH_PATHS = "$(inherited) @executable_path/../Frameworks";
				LIBRARY_SEARCH_PATHS = "$(inherited)";
				PRODUCT_NAME = "$(TARGET_NAME)";
			};
			name = Release;
		};
		FC2044FC1B2C75E50038BC47 /* Debug */ = {
			isa = XCBuildConfiguration;
			buildSettings = {
				BUNDLE_LOADER = "$(TEST_HOST)";
				COMBINE_HIDPI_IMAGES = YES;
				FRAMEWORK_SEARCH_PATHS = (
					"$(DEVELOPER_FRAMEWORKS_DIR)",
					"$(inherited)",
				);
				GCC_PREPROCESSOR_DEFINITIONS = (
					"DEBUG=1",
					"$(inherited)",
				);
				INFOPLIST_FILE = smashingAppTests/Info.plist;
				LD_RUNPATH_SEARCH_PATHS = "$(inherited) @executable_path/../Frameworks @loader_path/../Frameworks";
				PRODUCT_NAME = "$(TARGET_NAME)";
				TEST_HOST = "$(BUILT_PRODUCTS_DIR)/smashingApp.app/Contents/MacOS/smashingApp";
			};
			name = Debug;
		};
		FC2044FD1B2C75E50038BC47 /* Release */ = {
			isa = XCBuildConfiguration;
			buildSettings = {
				BUNDLE_LOADER = "$(TEST_HOST)";
				COMBINE_HIDPI_IMAGES = YES;
				FRAMEWORK_SEARCH_PATHS = (
					"$(DEVELOPER_FRAMEWORKS_DIR)",
					"$(inherited)",
				);
				INFOPLIST_FILE = smashingAppTests/Info.plist;
				LD_RUNPATH_SEARCH_PATHS = "$(inherited) @executable_path/../Frameworks @loader_path/../Frameworks";
				PRODUCT_NAME = "$(TARGET_NAME)";
				TEST_HOST = "$(BUILT_PRODUCTS_DIR)/smashingApp.app/Contents/MacOS/smashingApp";
			};
			name = Release;
		};
/* End XCBuildConfiguration section */

/* Begin XCConfigurationList section */
		FC2044D31B2C75E50038BC47 /* Build configuration list for PBXProject "smashingApp" */ = {
			isa = XCConfigurationList;
			buildConfigurations = (
				FC2044F61B2C75E50038BC47 /* Debug */,
				FC2044F71B2C75E50038BC47 /* Release */,
			);
			defaultConfigurationIsVisible = 0;
			defaultConfigurationName = Release;
		};
		FC2044F81B2C75E50038BC47 /* Build configuration list for PBXNativeTarget "smashingApp" */ = {
			isa = XCConfigurationList;
			buildConfigurations = (
				FC2044F91B2C75E50038BC47 /* Debug */,
				FC2044FA1B2C75E50038BC47 /* Release */,
			);
			defaultConfigurationIsVisible = 0;
			defaultConfigurationName = Release;
		};
		FC2044FB1B2C75E50038BC47 /* Build configuration list for PBXNativeTarget "smashingAppTests" */ = {
			isa = XCConfigurationList;
			buildConfigurations = (
				FC2044FC1B2C75E50038BC47 /* Debug */,
				FC2044FD1B2C75E50038BC47 /* Release */,
			);
			defaultConfigurationIsVisible = 0;
			defaultConfigurationName = Release;
		};
/* End XCConfigurationList section */
	};
	rootObject = FC2044D01B2C75E50038BC47 /* Project object */;
}
